# This file may be used to create an environment using:
# $ conda create --name <env> --file <this file>
# platform: linux-64
@EXPLICIT
https://conda.anaconda.org/conda-forge/linux-64/ca-certificates-2022.12.7-ha878542_0.conda#ff9f73d45c4a07d6f424495288a26080
https://conda.anaconda.org/conda-forge/linux-64/pbzip2-1.1.13-0.tar.bz2#c8e59e8ed385634458f5a19f3fe2f219
https://conda.anaconda.org/conda-forge/linux-64/libstdcxx-ng-12.2.0-h46fd767_19.tar.bz2#1030b1f38c129f2634eae026f704fe60
https://conda.anaconda.org/conda-forge/noarch/tzdata-2022g-h191b570_0.conda#51fc4fcfb19f5d95ffc8c339db5068e8
https://conda.anaconda.org/conda-forge/linux-64/_libgcc_mutex-0.1-conda_forge.tar.bz2#d7c89558ba9fa0495403155b64376d81
https://conda.anaconda.org/conda-forge/linux-64/python_abi-3.10-3_cp310.conda#4eb33d14d794b0f4be116443ffed3853
https://conda.anaconda.org/conda-forge/linux-64/ld_impl_linux-64-2.39-hcc3a1bd_1.conda#737be0d34c22d24432049ab7a3214de4
https://conda.anaconda.org/conda-forge/linux-64/libgomp-12.2.0-h65d4601_19.tar.bz2#cedcee7c064c01c403f962c9e8d3c373
https://conda.anaconda.org/conda-forge/linux-64/_openmp_mutex-4.5-2_gnu.tar.bz2#73aaf86a425cc6e73fcf236a5a46396d
https://conda.anaconda.org/conda-forge/linux-64/libgcc-ng-12.2.0-h65d4601_19.tar.bz2#e4c94f80aef025c17ab0828cd85ef535
https://conda.anaconda.org/bioconda/linux-64/starcode-1.4-hec16e2b_2.tar.bz2#fe81bbf92ea76891fd1ab633e09358bd
https://conda.anaconda.org/conda-forge/linux-64/libdeflate-1.13-h166bdaf_0.tar.bz2#4b5bee2e957570197327d0b20a718891
https://conda.anaconda.org/conda-forge/linux-64/libffi-3.4.2-h7f98852_5.tar.bz2#d645c6d2ac96843a2bfaccd2d62b3ac3
https://conda.anaconda.org/conda-forge/linux-64/keyutils-1.6.1-h166bdaf_0.tar.bz2#30186d27e2c9fa62b45fb1476b7200e3
https://conda.anaconda.org/conda-forge/linux-64/libev-4.33-h516909a_1.tar.bz2#6f8720dff19e17ce5d48cfe7f3d2f0a3
https://conda.anaconda.org/conda-forge/linux-64/openssl-1.1.1s-h0b41bf4_1.conda#c5405eccf20334e57a80c1c3a9e68266
https://conda.anaconda.org/conda-forge/linux-64/xz-5.2.6-h166bdaf_0.tar.bz2#2161070d867d1b1204ea749c8eec4ef0
https://conda.anaconda.org/conda-forge/linux-64/isa-l-2.30.0-ha770c72_4.tar.bz2#e9f011f428f6a0bba8a2613d7c107b88
https://conda.anaconda.org/conda-forge/linux-64/libuuid-2.32.1-h7f98852_1000.tar.bz2#772d69f030955d9646d3d0eaf21d859d
https://conda.anaconda.org/conda-forge/linux-64/c-ares-1.18.1-h7f98852_0.tar.bz2#f26ef8098fab1f719c91eb760d63381a
https://conda.anaconda.org/conda-forge/linux-64/libedit-3.1.20191231-he28a2e2_2.tar.bz2#4d331e44109e3f0e19b4cb8f9b82f3e1
https://conda.anaconda.org/conda-forge/linux-64/libnsl-2.0.0-h7f98852_0.tar.bz2#39b1328babf85c7c3a61636d9cd50206
https://conda.anaconda.org/conda-forge/linux-64/bzip2-1.0.8-h7f98852_4.tar.bz2#a1fd65c7ccbf10880423d82bca54eb54
https://conda.anaconda.org/conda-forge/linux-64/libzlib-1.2.13-h166bdaf_4.tar.bz2#f3f9de449d32ca9b9c66a22863c96f41
https://conda.anaconda.org/conda-forge/linux-64/ncurses-6.3-h27087fc_1.tar.bz2#4acfc691e64342b9dae57cf2adc63238
https://conda.anaconda.org/bioconda/linux-64/fastp-0.23.2-h5f740d0_3.tar.bz2#001589355bded3e913b0c7740d39ac10
https://conda.anaconda.org/conda-forge/linux-64/krb5-1.20.1-hf9c8cef_0.conda#5f7e9efd540d7ac4b485660231ba6150
https://conda.anaconda.org/conda-forge/linux-64/libssh2-1.10.0-haa6b8db_3.tar.bz2#89acee135f0809a18a1f4537390aa2dd
https://conda.anaconda.org/conda-forge/linux-64/zlib-1.2.13-h166bdaf_4.tar.bz2#4b11e365c0275b808be78b30f904e295
https://conda.anaconda.org/conda-forge/linux-64/libsqlite-3.40.0-h753d276_0.tar.bz2#2e5f9a37d487e1019fd4d8113adb2f9f
https://conda.anaconda.org/conda-forge/linux-64/tk-8.6.12-h27826a3_0.tar.bz2#5b8c42eb62e9fc961af70bdd6a26e168
https://conda.anaconda.org/conda-forge/linux-64/zstd-1.5.2-h6239696_4.tar.bz2#adcf0be7897e73e312bd24353b613f74
https://conda.anaconda.org/conda-forge/linux-64/libnghttp2-1.47.0-hdcd2b5c_1.tar.bz2#6fe9e31c2b8d0b022626ccac13e6ca3c
https://conda.anaconda.org/conda-forge/linux-64/readline-8.1.2-h0f457ee_0.tar.bz2#db2ebbe2943aae81ed051a6a9af8e0fa
https://conda.anaconda.org/conda-forge/linux-64/pigz-2.6-h27826a3_0.tar.bz2#677798489006b14291e8617223e34348
https://conda.anaconda.org/conda-forge/linux-64/libcurl-7.86.0-h6312ad2_2.conda#438cab0f97b78e09b209f227be776f9d
https://conda.anaconda.org/conda-forge/linux-64/python-3.10.8-h257c98d_0_cpython.conda#fa742265350d7f6d664bc13436caf4ad
https://conda.anaconda.org/conda-forge/noarch/wheel-0.38.4-pyhd8ed1ab_0.tar.bz2#c829cfb8cb826acb9de0ac1a2df0a940
https://conda.anaconda.org/conda-forge/noarch/setuptools-65.6.3-pyhd8ed1ab_0.conda#9600fc9524d3f821e6a6d58c52f5bf5a
https://conda.anaconda.org/conda-forge/noarch/pip-22.3.1-pyhd8ed1ab_0.tar.bz2#da66f2851b9836d3a7c5190082a45f7d
https://conda.anaconda.org/conda-forge/noarch/pygments-2.13.0-pyhd8ed1ab_0.tar.bz2#9f478e8eedd301008b5f395bad0caaed
https://conda.anaconda.org/conda-forge/noarch/typing-3.10.0.0-pyhd8ed1ab_0.tar.bz2#e6573ac68718f17b9d4f5c8eda3190f2
https://conda.anaconda.org/bioconda/linux-64/pysam-0.19.1-py310hff46b53_1.tar.bz2#ebeca1ae3cfdc0ec18d5d528dc2e2e4f
https://conda.anaconda.org/conda-forge/noarch/pycparser-2.21-pyhd8ed1ab_0.tar.bz2#076becd9e05608f8dc72757d5f3a91ff
https://conda.anaconda.org/conda-forge/noarch/typing_extensions-4.4.0-pyha770c72_0.tar.bz2#2d93b130d148d7fc77e583677792fc6a
https://conda.anaconda.org/conda-forge/linux-64/python-isal-1.1.0-py310h5764c6d_1.tar.bz2#234cd9a20245bbcb503cff7c40b02e0d
https://conda.anaconda.org/conda-forge/noarch/click-8.1.3-unix_pyhd8ed1ab_2.tar.bz2#20e4087407c7cb04a40817114b333dbf
https://conda.anaconda.org/conda-forge/noarch/future-0.18.2-pyhd8ed1ab_6.tar.bz2#a6966947ba28bbe60f9904653da7fed5
https://conda.anaconda.org/conda-forge/noarch/dataclasses-0.8-pyhc8e2a94_3.tar.bz2#a362b2124b06aad102e2ee4581acee7d
https://conda.anaconda.org/conda-forge/noarch/tomlkit-0.11.6-pyha770c72_0.tar.bz2#471bf9e605820b59988e830382b8d654
https://conda.anaconda.org/conda-forge/linux-64/cffi-1.15.1-py310h255011f_3.conda#800596144bb613cd7ac58b80900ce835
https://conda.anaconda.org/conda-forge/noarch/commonmark-0.9.1-py_0.tar.bz2#6aa0173c14befcd577ded130cf6f22f5
https://conda.anaconda.org/conda-forge/linux-64/zstandard-0.19.0-py310hdeb6495_1.conda#2cce1a48e6687f64d371d2e7fc9c7fbf
https://conda.anaconda.org/conda-forge/noarch/rich-12.6.0-pyhd8ed1ab_0.tar.bz2#162ed4cc104133be23e592faa1e055e3
https://conda.anaconda.org/conda-forge/linux-64/xopen-1.7.0-py310hff52083_0.tar.bz2#2c302c6d71e0aef42baece20e3a91f11
https://conda.anaconda.org/conda-forge/noarch/click-rich-help-22.1.1-pyhd8ed1ab_0.tar.bz2#9b7f83e6b87a0bf86021a251353b1998
https://conda.anaconda.org/bioconda/linux-64/dnaio-0.10.0-py310h1425a21_0.tar.bz2#028a092f813ca09f9bf4da010bf2994b
https://conda.anaconda.org/bioconda/linux-64/cutadapt-4.2-py310h1425a21_0.tar.bz2#1081635d534fbe84acca139c92577707
